<Solution>
  <Configurations>
    <Platform Name="x64" />
    <Platform Name="x86" />
  </Configurations>
  <Project Path="Projekt1_1_Dzielenie_sekwencyjne/Projekt1_Dzielenie_sekwencyjne.vcxproj" Id="3147f108-bf5a-47d2-bd34-510a98194815" />
  <Project Path="Projekt1_2_Dzielenie_równoległe/Projekt1_2_Dzielenie_równoległe.vcxproj" Id="4ea4f8dd-f1fa-4fae-b142-6f8f56d93d23" />
  <Project Path="Projekt1_3_Sito_sekwencyjne_bez_lokalności/Projekt1_3_Sito_sekwencyjne_bez_lokalności.vcxproj" Id="4eafe062-9147-46e9-889e-0ee1b5680ed0" />
  <Project Path="Projekt1_4_Sito_sekwencyjne_z_lokalnoscia/Projekt1_4_Sito_sekwencyjne_z_lokalnoscia.vcxproj" Id="8eac7305-99b7-47d1-9526-d239f0bd546b" />
  <Project Path="Projekt1_5_Sito_równoległe_funkcyjne_zapis/Projekt1_5_Sito_równoległe_funkcyjne_zapis.vcxproj" Id="d85dd78f-a054-4238-9355-4c3cc6f18409" />
  <Project Path="Projekt1_6_Sito_równoległe_funkcyjne_odczyt_zapis/Projekt1_6_Sito_równoległe_funkcyjne_odczyt_zapis.vcxproj" Id="29c20a4e-2b67-439a-97d5-29cc06a9fa99" />
  <Project Path="Projekt1_7_Sito_równoległe_domenowe/Projekt1_7_Sito_równoległe_domenowe.vcxproj" Id="f42d8efc-7759-4773-a025-154ce7214e10" />
</Solution>
